
Microsoft Visual Studio Solution File, Format Version 12.00
# Visual Studio Version 16
VisualStudioVersion = 16.0.34301.259
MinimumVisualStudioVersion = 10.0.40219.1
Project("{FAE04EC0-301F-11D3-BF4B-00C04F79EFBC}") = "Factorial_DL", "Factorial_DL.csproj", "{59232BD6-014F-46E5-B04E-8936E5AE2F41}"
EndProject
Global
	GlobalSection(SolutionConfigurationPlatforms) = preSolution
		Debug|Any CPU = Debug|Any CPU
		Release|Any CPU = Release|Any CPU
	EndGlobalSection
	GlobalSection(ProjectConfigurationPlatforms) = postSolution
		{59232BD6-014F-46E5-B04E-8936E5AE2F41}.Debug|Any CPU.ActiveCfg = Debug|Any CPU
		{59232BD6-014F-46E5-B04E-8936E5AE2F41}.Debug|Any CPU.Build.0 = Debug|Any CPU
		{59232BD6-014F-46E5-B04E-8936E5AE2F41}.Release|Any CPU.ActiveCfg = Release|Any CPU
		{59232BD6-014F-46E5-B04E-8936E5AE2F41}.Release|Any CPU.Build.0 = Release|Any CPU
	EndGlobalSection
	GlobalSection(SolutionProperties) = preSolution
		HideSolutionNode = FALSE
	EndGlobalSection
	GlobalSection(ExtensibilityGlobals) = postSolution
		SolutionGuid = {86CF4378-4930-4FB4-8425-F739D25D6339}
	EndGlobalSection
EndGlobal
